version = 1
revision = 3
requires-python = "==3.10.*"

[[package]]
name = "annotated-types"
version = "0.7.0"
source = { registry = "https://pypi.org/simple" }
sdist = { url = "https://files.pythonhosted.org/packages/ee/67/531ea369ba64dcff5ec9c3402f9f51bf748cec26dde048a2f973a4eea7f5/annotated_types-0.7.0.tar.gz", hash = "sha256:aff07c09a53a08bc8cfccb9c85b05f1aa9a2a6f23728d790723543408344ce89", size = 16081, upload-time = "2024-05-20T21:33:25.928Z" }
wheels = [
    { url = "https://files.pythonhosted.org/packages/78/b6/6307fbef88d9b5ee7421e68d78a9f162e0da4900bc5f5793f6d3d0e34fb8/annotated_types-0.7.0-py3-none-any.whl", hash = "sha256:1f02e8b43a8fbbc3f3e0d4f0f4bfc8131bcb4eebe8849b8e5c773f3a1c582a53", size = 13643, upload-time = "2024-05-20T21:33:24.1Z" },
]

[[package]]
name = "boto3"
version = "1.40.55"
source = { registry = "https://pypi.org/simple" }
dependencies = [
    { name = "botocore" },
    { name = "jmespath" },
    { name = "s3transfer" },
]
sdist = { url = "https://files.pythonhosted.org/packages/50/d8/a279c054e0c9731172f05b3d118f3ffc9d74806657f84fc0c93c42d1bb5d/boto3-1.40.55.tar.gz", hash = "sha256:27e35b4fa9edd414ce06c1a748bf57cacd8203271847d93fc1053e4a4ec6e1a9", size = 111590, upload-time = "2025-10-17T19:34:56.753Z" }
wheels = [
    { url = "https://files.pythonhosted.org/packages/42/8c/559c6145d857ed953536a83f3a94915bbd5d3d2d406db1abf8bf40be7645/boto3-1.40.55-py3-none-any.whl", hash = "sha256:2e30f5a0d49e107b8a5c0c487891afd300bfa410e1d918bf187ae45ac3839332", size = 139322, upload-time = "2025-10-17T19:34:55.028Z" },
]

[[package]]
name = "botocore"
version = "1.40.55"
source = { registry = "https://pypi.org/simple" }
dependencies = [
    { name = "jmespath" },
    { name = "python-dateutil" },
    { name = "urllib3" },
]
sdist = { url = "https://files.pythonhosted.org/packages/a4/92/dce4842b2e215d213d34b064fcdd13c6a782c43344e77336bcde586e9229/botocore-1.40.55.tar.gz", hash = "sha256:79b6472e2de92b3519d44fc1eec8c5feced7f99a0d10fdea6dc93133426057c1", size = 14446917, upload-time = "2025-10-17T19:34:47.44Z" }
wheels = [
    { url = "https://files.pythonhosted.org/packages/21/30/f13bbc36e83b78777ff1abf50a084efcc3336b808e76560d8c5a0c9219e0/botocore-1.40.55-py3-none-any.whl", hash = "sha256:cdc38f7a4ddb30a2cd1cdd4fabde2a5a16e41b5a642292e1c30de5c4e46f5d44", size = 14116107, upload-time = "2025-10-17T19:34:44.398Z" },
]

[[package]]
name = "clp-py-utils"
version = "0.6.1.dev0"
source = { editable = "." }
dependencies = [
    { name = "boto3" },
    { name = "mariadb" },
    { name = "mysql-connector-python" },
    { name = "pydantic" },
    { name = "python-levenshtein" },
    { name = "pyyaml" },
    { name = "result" },
    { name = "sqlalchemy" },
    { name = "strenum" },
]

[package.metadata]
requires-dist = [
    { name = "boto3", specifier = ">=1.40.55" },
    { name = "mariadb", specifier = ">=1.0.11,<1.1.dev0" },
    { name = "mysql-connector-python", specifier = ">=9.4.0" },
    { name = "pydantic", specifier = ">=2.12.3" },
    { name = "python-levenshtein", specifier = ">=0.27.1" },
    { name = "pyyaml", specifier = ">=6.0.3" },
    { name = "result", specifier = ">=0.17.0" },
    { name = "sqlalchemy", specifier = ">=2.0.44" },
    { name = "strenum", specifier = ">=0.4.15" },
]

[[package]]
name = "greenlet"
version = "3.2.4"
source = { registry = "https://pypi.org/simple" }
sdist = { url = "https://files.pythonhosted.org/packages/03/b8/704d753a5a45507a7aab61f18db9509302ed3d0a27ac7e0359ec2905b1a6/greenlet-3.2.4.tar.gz", hash = "sha256:0dca0d95ff849f9a364385f36ab49f50065d76964944638be9691e1832e9f86d", size = 188260, upload-time = "2025-08-07T13:24:33.51Z" }
wheels = [
    { url = "https://files.pythonhosted.org/packages/7d/ed/6bfa4109fcb23a58819600392564fea69cdc6551ffd5e69ccf1d52a40cbc/greenlet-3.2.4-cp310-cp310-macosx_11_0_universal2.whl", hash = "sha256:8c68325b0d0acf8d91dde4e6f930967dd52a5302cd4062932a6b2e7c2969f47c", size = 271061, upload-time = "2025-08-07T13:17:15.373Z" },
    { url = "https://files.pythonhosted.org/packages/2a/fc/102ec1a2fc015b3a7652abab7acf3541d58c04d3d17a8d3d6a44adae1eb1/greenlet-3.2.4-cp310-cp310-manylinux2014_aarch64.manylinux_2_17_aarch64.whl", hash = "sha256:94385f101946790ae13da500603491f04a76b6e4c059dab271b3ce2e283b2590", size = 629475, upload-time = "2025-08-07T13:42:54.009Z" },
    { url = "https://files.pythonhosted.org/packages/c5/26/80383131d55a4ac0fb08d71660fd77e7660b9db6bdb4e8884f46d9f2cc04/greenlet-3.2.4-cp310-cp310-manylinux2014_ppc64le.manylinux_2_17_ppc64le.whl", hash = "sha256:f10fd42b5ee276335863712fa3da6608e93f70629c631bf77145021600abc23c", size = 640802, upload-time = "2025-08-07T13:45:25.52Z" },
    { url = "https://files.pythonhosted.org/packages/9f/7c/e7833dbcd8f376f3326bd728c845d31dcde4c84268d3921afcae77d90d08/greenlet-3.2.4-cp310-cp310-manylinux2014_s390x.manylinux_2_17_s390x.whl", hash = "sha256:c8c9e331e58180d0d83c5b7999255721b725913ff6bc6cf39fa2a45841a4fd4b", size = 636703, upload-time = "2025-08-07T13:53:12.622Z" },
    { url = "https://files.pythonhosted.org/packages/e9/49/547b93b7c0428ede7b3f309bc965986874759f7d89e4e04aeddbc9699acb/greenlet-3.2.4-cp310-cp310-manylinux2014_x86_64.manylinux_2_17_x86_64.whl", hash = "sha256:58b97143c9cc7b86fc458f215bd0932f1757ce649e05b640fea2e79b54cedb31", size = 635417, upload-time = "2025-08-07T13:18:25.189Z" },
    { url = "https://files.pythonhosted.org/packages/7f/91/ae2eb6b7979e2f9b035a9f612cf70f1bf54aad4e1d125129bef1eae96f19/greenlet-3.2.4-cp310-cp310-manylinux_2_24_x86_64.manylinux_2_28_x86_64.whl", hash = "sha256:c2ca18a03a8cfb5b25bc1cbe20f3d9a4c80d8c3b13ba3df49ac3961af0b1018d", size = 584358, upload-time = "2025-08-07T13:18:23.708Z" },
    { url = "https://files.pythonhosted.org/packages/f7/85/433de0c9c0252b22b16d413c9407e6cb3b41df7389afc366ca204dbc1393/greenlet-3.2.4-cp310-cp310-musllinux_1_1_aarch64.whl", hash = "sha256:9fe0a28a7b952a21e2c062cd5756d34354117796c6d9215a87f55e38d15402c5", size = 1113550, upload-time = "2025-08-07T13:42:37.467Z" },
    { url = "https://files.pythonhosted.org/packages/a1/8d/88f3ebd2bc96bf7747093696f4335a0a8a4c5acfcf1b757717c0d2474ba3/greenlet-3.2.4-cp310-cp310-musllinux_1_1_x86_64.whl", hash = "sha256:8854167e06950ca75b898b104b63cc646573aa5fef1353d4508ecdd1ee76254f", size = 1137126, upload-time = "2025-08-07T13:18:20.239Z" },
    { url = "https://files.pythonhosted.org/packages/f1/29/74242b7d72385e29bcc5563fba67dad94943d7cd03552bac320d597f29b2/greenlet-3.2.4-cp310-cp310-musllinux_1_2_aarch64.whl", hash = "sha256:f47617f698838ba98f4ff4189aef02e7343952df3a615f847bb575c3feb177a7", size = 1544904, upload-time = "2025-11-04T12:42:04.763Z" },
    { url = "https://files.pythonhosted.org/packages/c8/e2/1572b8eeab0f77df5f6729d6ab6b141e4a84ee8eb9bc8c1e7918f94eda6d/greenlet-3.2.4-cp310-cp310-musllinux_1_2_x86_64.whl", hash = "sha256:af41be48a4f60429d5cad9d22175217805098a9ef7c40bfef44f7669fb9d74d8", size = 1611228, upload-time = "2025-11-04T12:42:08.423Z" },
    { url = "https://files.pythonhosted.org/packages/d6/6f/b60b0291d9623c496638c582297ead61f43c4b72eef5e9c926ef4565ec13/greenlet-3.2.4-cp310-cp310-win_amd64.whl", hash = "sha256:73f49b5368b5359d04e18d15828eecc1806033db5233397748f4ca813ff1056c", size = 298654, upload-time = "2025-08-07T13:50:00.469Z" },
]

[[package]]
name = "jmespath"
version = "1.0.1"
source = { registry = "https://pypi.org/simple" }
sdist = { url = "https://files.pythonhosted.org/packages/00/2a/e867e8531cf3e36b41201936b7fa7ba7b5702dbef42922193f05c8976cd6/jmespath-1.0.1.tar.gz", hash = "sha256:90261b206d6defd58fdd5e85f478bf633a2901798906be2ad389150c5c60edbe", size = 25843, upload-time = "2022-06-17T18:00:12.224Z" }
wheels = [
    { url = "https://files.pythonhosted.org/packages/31/b4/b9b800c45527aadd64d5b442f9b932b00648617eb5d63d2c7a6587b7cafc/jmespath-1.0.1-py3-none-any.whl", hash = "sha256:02e2e4cc71b5bcab88332eebf907519190dd9e6e82107fa7f83b1003a6252980", size = 20256, upload-time = "2022-06-17T18:00:10.251Z" },
]

[[package]]
name = "levenshtein"
version = "0.27.1"
source = { registry = "https://pypi.org/simple" }
dependencies = [
    { name = "rapidfuzz" },
]
sdist = { url = "https://files.pythonhosted.org/packages/7e/b3/b5f8011483ba9083a0bc74c4d58705e9cf465fbe55c948a1b1357d0a2aa8/levenshtein-0.27.1.tar.gz", hash = "sha256:3e18b73564cfc846eec94dd13fab6cb006b5d2e0cc56bad1fd7d5585881302e3", size = 382571, upload-time = "2025-03-02T19:44:56.148Z" }
wheels = [
    { url = "https://files.pythonhosted.org/packages/b3/b1/9906a75b98dd9c008015a72d7658be53851e361a35492631edf1b1f334ab/levenshtein-0.27.1-cp310-cp310-macosx_10_9_x86_64.whl", hash = "sha256:13d6f617cb6fe63714c4794861cfaacd398db58a292f930edb7f12aad931dace", size = 174542, upload-time = "2025-03-02T19:42:24.364Z" },
    { url = "https://files.pythonhosted.org/packages/3b/57/e26e0164a93fb045316856603111d95538cac8224a3709e4ac96a6bb74f3/levenshtein-0.27.1-cp310-cp310-macosx_11_0_arm64.whl", hash = "sha256:ca9d54d41075e130c390e61360bec80f116b62d6ae973aec502e77e921e95334", size = 156367, upload-time = "2025-03-02T19:42:26.65Z" },
    { url = "https://files.pythonhosted.org/packages/6d/dd/92fcb71d48c1fe69c46c211156adafb8175037dc63e80e970106aef3f9d5/levenshtein-0.27.1-cp310-cp310-manylinux_2_17_aarch64.manylinux2014_aarch64.whl", hash = "sha256:2de1f822b5c9a20d10411f779dfd7181ce3407261436f8470008a98276a9d07f", size = 152189, upload-time = "2025-03-02T19:42:28.533Z" },
    { url = "https://files.pythonhosted.org/packages/5e/23/3f331f5fbfa93634126439cfc8c01b31f7ef1fbedb81663581e27a69da4d/levenshtein-0.27.1-cp310-cp310-manylinux_2_17_ppc64le.manylinux2014_ppc64le.whl", hash = "sha256:81270392c2e45d1a7e1b3047c3a272d5e28bb4f1eff0137637980064948929b7", size = 184271, upload-time = "2025-03-02T19:42:30.525Z" },
    { url = "https://files.pythonhosted.org/packages/5a/76/d6ac541a1a80bdc5c98584a6a2d2301e677af4cb2e4092247207791b56a6/levenshtein-0.27.1-cp310-cp310-manylinux_2_17_s390x.manylinux2014_s390x.whl", hash = "sha256:2d30c3ea23a94dddd56dbe323e1fa8a29ceb24da18e2daa8d0abf78b269a5ad1", size = 185078, upload-time = "2025-03-02T19:42:32.531Z" },
    { url = "https://files.pythonhosted.org/packages/2d/ed/d0c5abe8cfcf6a7f2a4197e889e12b7a0c2145a0ef3354b1c000bf367305/levenshtein-0.27.1-cp310-cp310-manylinux_2_17_x86_64.manylinux2014_x86_64.whl", hash = "sha256:0f3e0bea76695b9045bbf9ad5f67ad4cc01c11f783368f34760e068f19b6a6bc", size = 161505, upload-time = "2025-03-02T19:42:34.641Z" },
    { url = "https://files.pythonhosted.org/packages/f3/28/a5b78e1818211bc6407590876bbdcc6d79671e529a0c186780492c1f2136/levenshtein-0.27.1-cp310-cp310-manylinux_2_5_i686.manylinux1_i686.manylinux_2_17_i686.manylinux2014_i686.whl", hash = "sha256:cdd190e468a68c31a5943368a5eaf4e130256a8707886d23ab5906a0cb98a43c", size = 246968, upload-time = "2025-03-02T19:42:36.195Z" },
    { url = "https://files.pythonhosted.org/packages/77/7f/981b903583956cb67b33bed39d9840ab5e4c7062bceec564b7bf2c3f6f49/levenshtein-0.27.1-cp310-cp310-musllinux_1_2_aarch64.whl", hash = "sha256:7c3121314bb4b676c011c33f6a0ebb462cfdcf378ff383e6f9e4cca5618d0ba7", size = 1116000, upload-time = "2025-03-02T19:42:38.292Z" },
    { url = "https://files.pythonhosted.org/packages/75/1d/c4be47d5f436fd310373c5ebdf05828c1d95be9a44c3e94f29c40937b30c/levenshtein-0.27.1-cp310-cp310-musllinux_1_2_i686.whl", hash = "sha256:f8ef378c873efcc5e978026b69b45342d841cd7a2f273447324f1c687cc4dc37", size = 1401162, upload-time = "2025-03-02T19:42:40.496Z" },
    { url = "https://files.pythonhosted.org/packages/91/e4/0b107676efe3ecd5fada1ed3a3bbddd4c829e2ef34e980b76374c116235b/levenshtein-0.27.1-cp310-cp310-musllinux_1_2_ppc64le.whl", hash = "sha256:ff18d78c5c16bea20876425e1bf5af56c25918fb01bc0f2532db1317d4c0e157", size = 1225141, upload-time = "2025-03-02T19:42:42.636Z" },
    { url = "https://files.pythonhosted.org/packages/29/f0/f3f88d766fdbb1d39fe98dc5527223bae099444e501550ae088c47ddd97b/levenshtein-0.27.1-cp310-cp310-musllinux_1_2_s390x.whl", hash = "sha256:13412ff805afbfe619d070280d1a76eb4198c60c5445cd5478bd4c7055bb3d51", size = 1419707, upload-time = "2025-03-02T19:42:44.69Z" },
    { url = "https://files.pythonhosted.org/packages/b8/1c/f51ac1db4064a85effa50df240250e413f428164301d836c312baf09381e/levenshtein-0.27.1-cp310-cp310-musllinux_1_2_x86_64.whl", hash = "sha256:a2adb9f263557f7fb13e19eb2f34595d86929a44c250b2fca6e9b65971e51e20", size = 1189284, upload-time = "2025-03-02T19:42:46.098Z" },
    { url = "https://files.pythonhosted.org/packages/e0/67/5ace76bc964b93ed6203a9f8c4dcde1a50e336468f7da3a21dd29febaf46/levenshtein-0.27.1-cp310-cp310-win32.whl", hash = "sha256:6278a33d2e0e909d8829b5a72191419c86dd3bb45b82399c7efc53dabe870c35", size = 88036, upload-time = "2025-03-02T19:42:47.869Z" },
    { url = "https://files.pythonhosted.org/packages/06/e0/d9737dbbe85842ddb300cb7974fc065edc56ec647652863f95ac1977d378/levenshtein-0.27.1-cp310-cp310-win_amd64.whl", hash = "sha256:5b602b8428ee5dc88432a55c5303a739ee2be7c15175bd67c29476a9d942f48e", size = 99922, upload-time = "2025-03-02T19:42:49.431Z" },
    { url = "https://files.pythonhosted.org/packages/27/b8/13e22789ab700db0da98f973a508643dbe2d25bd0fb5dc53239e0e2852c1/levenshtein-0.27.1-cp310-cp310-win_arm64.whl", hash = "sha256:48334081fddaa0c259ba01ee898640a2cf8ede62e5f7e25fefece1c64d34837f", size = 87846, upload-time = "2025-03-02T19:42:50.665Z" },
    { url = "https://files.pythonhosted.org/packages/25/ed/37e2d1f5e690d7376cd7e8bdd19411479ff352a3df9ab5f845dd680ef779/levenshtein-0.27.1-pp310-pypy310_pp73-macosx_10_15_x86_64.whl", hash = "sha256:c92a222ab95b8d903eae6d5e7d51fe6c999be021b647715c18d04d0b0880f463", size = 170482, upload-time = "2025-03-02T19:44:30.177Z" },
    { url = "https://files.pythonhosted.org/packages/6d/9f/30b1144b9d1da74743e7d7cdf47575b7013c9767e608c7454dbd318aacd2/levenshtein-0.27.1-pp310-pypy310_pp73-macosx_11_0_arm64.whl", hash = "sha256:71afc36b4ee950fa1140aff22ffda9e5e23280285858e1303260dbb2eabf342d", size = 153106, upload-time = "2025-03-02T19:44:31.489Z" },
    { url = "https://files.pythonhosted.org/packages/b1/c5/18d0bec94a166cebaefa3db4beab9a7e0d75412b52e9626f5dce1ca8d149/levenshtein-0.27.1-pp310-pypy310_pp73-manylinux_2_17_aarch64.manylinux2014_aarch64.whl", hash = "sha256:58b1daeebfc148a571f09cfe18c16911ea1eaaa9e51065c5f7e7acbc4b866afa", size = 150984, upload-time = "2025-03-02T19:44:32.697Z" },
    { url = "https://files.pythonhosted.org/packages/55/b4/4b80eb0c96caabdb683256cac9cc2cc9a73dee8ea80ab7cc3ee8aebd603f/levenshtein-0.27.1-pp310-pypy310_pp73-manylinux_2_17_x86_64.manylinux2014_x86_64.whl", hash = "sha256:105edcb14797d95c77f69bad23104314715a64cafbf4b0e79d354a33d7b54d8d", size = 158673, upload-time = "2025-03-02T19:44:33.998Z" },
    { url = "https://files.pythonhosted.org/packages/81/14/a43daefbc6d5e5561176150363cbac73003795b85ae136ffd4d0691af3fb/levenshtein-0.27.1-pp310-pypy310_pp73-manylinux_2_5_i686.manylinux1_i686.manylinux_2_17_i686.manylinux2014_i686.whl", hash = "sha256:d9c58fb1ef8bdc8773d705fbacf628e12c3bb63ee4d065dda18a76e86042444a", size = 244419, upload-time = "2025-03-02T19:44:35.317Z" },
    { url = "https://files.pythonhosted.org/packages/d0/55/34f133f4f0998d7335bd96b9d315dc888b118e48e999c3d2c621b84965b9/levenshtein-0.27.1-pp310-pypy310_pp73-win_amd64.whl", hash = "sha256:e52270591854af67217103955a36bd7436b57c801e3354e73ba44d689ed93697", size = 97932, upload-time = "2025-03-02T19:44:36.701Z" },
]

[[package]]
name = "mariadb"
version = "1.0.11"
source = { registry = "https://pypi.org/simple" }
sdist = { url = "https://files.pythonhosted.org/packages/37/0a/ce5724f852f2937c6955bcea09659aa2d85d487df1c9de6711344b71527d/mariadb-1.0.11.zip", hash = "sha256:76916c892bc936c5b0f36e25a1411f651a7b7ce978992ae3a8de7e283efdacbf", size = 85926, upload-time = "2022-04-12T19:33:17.988Z" }
wheels = [
    { url = "https://files.pythonhosted.org/packages/54/4a/6a6b7ad6a7b8156b41d0a6d849debe804f9d8696288ed2c6c31a9654357c/mariadb-1.0.11-cp310-cp310-win32.whl", hash = "sha256:4a583a80059d11f1895a2c93b1b7110948e87f0256da3e3222939a2530f0518e", size = 159743, upload-time = "2022-04-12T19:33:04.712Z" },
    { url = "https://files.pythonhosted.org/packages/7f/a7/10740ceec1ce9d57f4bc3614e55efe2e72ae284e8c8d32eacabfbd7ad6cc/mariadb-1.0.11-cp310-cp310-win_amd64.whl", hash = "sha256:63c5c7cf99335e5c961e1d65a323576c9cb834e1a6a8084a6a8b4ffd85ca6213", size = 177316, upload-time = "2022-04-12T19:33:06.95Z" },
]

[[package]]
name = "mysql-connector-python"
version = "9.4.0"
source = { registry = "https://pypi.org/simple" }
sdist = { url = "https://files.pythonhosted.org/packages/02/77/2b45e6460d05b1f1b7a4c8eb79a50440b4417971973bb78c9ef6cad630a6/mysql_connector_python-9.4.0.tar.gz", hash = "sha256:d111360332ae78933daf3d48ff497b70739aa292ab0017791a33e826234e743b", size = 12185532, upload-time = "2025-07-22T08:02:05.788Z" }
wheels = [
    { url = "https://files.pythonhosted.org/packages/a2/ef/1a35d9ebfaf80cf5aa238be471480e16a69a494d276fb07b889dc9a5cfc3/mysql_connector_python-9.4.0-cp310-cp310-macosx_14_0_arm64.whl", hash = "sha256:3c2603e00516cf4208c6266e85c5c87d5f4d0ac79768106d50de42ccc8414c05", size = 17501678, upload-time = "2025-07-22T07:57:23.237Z" },
    { url = "https://files.pythonhosted.org/packages/3c/39/09ae7082c77a978f2d72d94856e2e57906165c645693bc3a940bcad3a32d/mysql_connector_python-9.4.0-cp310-cp310-macosx_14_0_x86_64.whl", hash = "sha256:47884fcb050112b8bef3458e17eac47cc81a6cbbf3524e3456146c949772d9b4", size = 18369526, upload-time = "2025-07-22T07:57:27.569Z" },
    { url = "https://files.pythonhosted.org/packages/40/56/1bea00f5129550bcd0175781b9cd467e865d4aea4a6f38f700f34d95dcb8/mysql_connector_python-9.4.0-cp310-cp310-manylinux_2_28_aarch64.whl", hash = "sha256:f14b6936cd326e212fc9ab5f666dea3efea654f0cb644460334e60e22986e735", size = 33508525, upload-time = "2025-07-22T07:57:32.935Z" },
    { url = "https://files.pythonhosted.org/packages/0f/ec/86dfefd3e6c0fca13085bc28b7f9baae3fce9f6af243d8693729f6b5063c/mysql_connector_python-9.4.0-cp310-cp310-manylinux_2_28_x86_64.whl", hash = "sha256:0f5ad70355720e64b72d7c068e858c9fd1f69b671d9575f857f235a10f878939", size = 33911834, upload-time = "2025-07-22T07:57:38.203Z" },
    { url = "https://files.pythonhosted.org/packages/2c/11/6907d53349b11478f72c8f22e38368d18262fbffc27e0f30e365d76dad93/mysql_connector_python-9.4.0-cp310-cp310-win_amd64.whl", hash = "sha256:7106670abce510e440d393e27fc3602b8cf21e7a8a80216cc9ad9a68cd2e4595", size = 16393044, upload-time = "2025-07-22T07:57:42.053Z" },
    { url = "https://files.pythonhosted.org/packages/36/34/b6165e15fd45a8deb00932d8e7d823de7650270873b4044c4db6688e1d8f/mysql_connector_python-9.4.0-py2.py3-none-any.whl", hash = "sha256:56e679169c704dab279b176fab2a9ee32d2c632a866c0f7cd48a8a1e2cf802c4", size = 406574, upload-time = "2025-07-22T07:59:08.394Z" },
]

[[package]]
name = "pydantic"
version = "2.12.3"
source = { registry = "https://pypi.org/simple" }
dependencies = [
    { name = "annotated-types" },
    { name = "pydantic-core" },
    { name = "typing-extensions" },
    { name = "typing-inspection" },
]
sdist = { url = "https://files.pythonhosted.org/packages/f3/1e/4f0a3233767010308f2fd6bd0814597e3f63f1dc98304a9112b8759df4ff/pydantic-2.12.3.tar.gz", hash = "sha256:1da1c82b0fc140bb0103bc1441ffe062154c8d38491189751ee00fd8ca65ce74", size = 819383, upload-time = "2025-10-17T15:04:21.222Z" }
wheels = [
    { url = "https://files.pythonhosted.org/packages/a1/6b/83661fa77dcefa195ad5f8cd9af3d1a7450fd57cc883ad04d65446ac2029/pydantic-2.12.3-py3-none-any.whl", hash = "sha256:6986454a854bc3bc6e5443e1369e06a3a456af9d339eda45510f517d9ea5c6bf", size = 462431, upload-time = "2025-10-17T15:04:19.346Z" },
]

[[package]]
name = "pydantic-core"
version = "2.41.4"
source = { registry = "https://pypi.org/simple" }
dependencies = [
    { name = "typing-extensions" },
]
sdist = { url = "https://files.pythonhosted.org/packages/df/18/d0944e8eaaa3efd0a91b0f1fc537d3be55ad35091b6a87638211ba691964/pydantic_core-2.41.4.tar.gz", hash = "sha256:70e47929a9d4a1905a67e4b687d5946026390568a8e952b92824118063cee4d5", size = 457557, upload-time = "2025-10-14T10:23:47.909Z" }
wheels = [
    { url = "https://files.pythonhosted.org/packages/a7/3d/9b8ca77b0f76fcdbf8bc6b72474e264283f461284ca84ac3fde570c6c49a/pydantic_core-2.41.4-cp310-cp310-macosx_10_12_x86_64.whl", hash = "sha256:2442d9a4d38f3411f22eb9dd0912b7cbf4b7d5b6c92c4173b75d3e1ccd84e36e", size = 2111197, upload-time = "2025-10-14T10:19:43.303Z" },
    { url = "https://files.pythonhosted.org/packages/59/92/b7b0fe6ed4781642232755cb7e56a86e2041e1292f16d9ae410a0ccee5ac/pydantic_core-2.41.4-cp310-cp310-macosx_11_0_arm64.whl", hash = "sha256:30a9876226dda131a741afeab2702e2d127209bde3c65a2b8133f428bc5d006b", size = 1917909, upload-time = "2025-10-14T10:19:45.194Z" },
    { url = "https://files.pythonhosted.org/packages/52/8c/3eb872009274ffa4fb6a9585114e161aa1a0915af2896e2d441642929fe4/pydantic_core-2.41.4-cp310-cp310-manylinux_2_17_aarch64.manylinux2014_aarch64.whl", hash = "sha256:d55bbac04711e2980645af68b97d445cdbcce70e5216de444a6c4b6943ebcccd", size = 1969905, upload-time = "2025-10-14T10:19:46.567Z" },
    { url = "https://files.pythonhosted.org/packages/f4/21/35adf4a753bcfaea22d925214a0c5b880792e3244731b3f3e6fec0d124f7/pydantic_core-2.41.4-cp310-cp310-manylinux_2_17_armv7l.manylinux2014_armv7l.whl", hash = "sha256:e1d778fb7849a42d0ee5927ab0f7453bf9f85eef8887a546ec87db5ddb178945", size = 2051938, upload-time = "2025-10-14T10:19:48.237Z" },
    { url = "https://files.pythonhosted.org/packages/7d/d0/cdf7d126825e36d6e3f1eccf257da8954452934ede275a8f390eac775e89/pydantic_core-2.41.4-cp310-cp310-manylinux_2_17_ppc64le.manylinux2014_ppc64le.whl", hash = "sha256:1b65077a4693a98b90ec5ad8f203ad65802a1b9b6d4a7e48066925a7e1606706", size = 2250710, upload-time = "2025-10-14T10:19:49.619Z" },
    { url = "https://files.pythonhosted.org/packages/2e/1c/af1e6fd5ea596327308f9c8d1654e1285cc3d8de0d584a3c9d7705bf8a7c/pydantic_core-2.41.4-cp310-cp310-manylinux_2_17_s390x.manylinux2014_s390x.whl", hash = "sha256:62637c769dee16eddb7686bf421be48dfc2fae93832c25e25bc7242e698361ba", size = 2367445, upload-time = "2025-10-14T10:19:51.269Z" },
    { url = "https://files.pythonhosted.org/packages/d3/81/8cece29a6ef1b3a92f956ea6da6250d5b2d2e7e4d513dd3b4f0c7a83dfea/pydantic_core-2.41.4-cp310-cp310-manylinux_2_17_x86_64.manylinux2014_x86_64.whl", hash = "sha256:2dfe3aa529c8f501babf6e502936b9e8d4698502b2cfab41e17a028d91b1ac7b", size = 2072875, upload-time = "2025-10-14T10:19:52.671Z" },
    { url = "https://files.pythonhosted.org/packages/e3/37/a6a579f5fc2cd4d5521284a0ab6a426cc6463a7b3897aeb95b12f1ba607b/pydantic_core-2.41.4-cp310-cp310-manylinux_2_5_i686.manylinux1_i686.whl", hash = "sha256:ca2322da745bf2eeb581fc9ea3bbb31147702163ccbcbf12a3bb630e4bf05e1d", size = 2191329, upload-time = "2025-10-14T10:19:54.214Z" },
    { url = "https://files.pythonhosted.org/packages/ae/03/505020dc5c54ec75ecba9f41119fd1e48f9e41e4629942494c4a8734ded1/pydantic_core-2.41.4-cp310-cp310-musllinux_1_1_aarch64.whl", hash = "sha256:e8cd3577c796be7231dcf80badcf2e0835a46665eaafd8ace124d886bab4d700", size = 2151658, upload-time = "2025-10-14T10:19:55.843Z" },
    { url = "https://files.pythonhosted.org/packages/cb/5d/2c0d09fb53aa03bbd2a214d89ebfa6304be7df9ed86ee3dc7770257f41ee/pydantic_core-2.41.4-cp310-cp310-musllinux_1_1_armv7l.whl", hash = "sha256:1cae8851e174c83633f0833e90636832857297900133705ee158cf79d40f03e6", size = 2316777, upload-time = "2025-10-14T10:19:57.607Z" },
    { url = "https://files.pythonhosted.org/packages/ea/4b/c2c9c8f5e1f9c864b57d08539d9d3db160e00491c9f5ee90e1bfd905e644/pydantic_core-2.41.4-cp310-cp310-musllinux_1_1_x86_64.whl", hash = "sha256:a26d950449aae348afe1ac8be5525a00ae4235309b729ad4d3399623125b43c9", size = 2320705, upload-time = "2025-10-14T10:19:59.016Z" },
    { url = "https://files.pythonhosted.org/packages/28/c3/a74c1c37f49c0a02c89c7340fafc0ba816b29bd495d1a31ce1bdeacc6085/pydantic_core-2.41.4-cp310-cp310-win32.whl", hash = "sha256:0cf2a1f599efe57fa0051312774280ee0f650e11152325e41dfd3018ef2c1b57", size = 1975464, upload-time = "2025-10-14T10:20:00.581Z" },
    { url = "https://files.pythonhosted.org/packages/d6/23/5dd5c1324ba80303368f7569e2e2e1a721c7d9eb16acb7eb7b7f85cb1be2/pydantic_core-2.41.4-cp310-cp310-win_amd64.whl", hash = "sha256:a8c2e340d7e454dc3340d3d2e8f23558ebe78c98aa8f68851b04dcb7bc37abdc", size = 2024497, upload-time = "2025-10-14T10:20:03.018Z" },
    { url = "https://files.pythonhosted.org/packages/5d/d4/912e976a2dd0b49f31c98a060ca90b353f3b73ee3ea2fd0030412f6ac5ec/pydantic_core-2.41.4-pp310-pypy310_pp73-macosx_10_12_x86_64.whl", hash = "sha256:1e5ab4fc177dd41536b3c32b2ea11380dd3d4619a385860621478ac2d25ceb00", size = 2106739, upload-time = "2025-10-14T10:23:06.934Z" },
    { url = "https://files.pythonhosted.org/packages/71/f0/66ec5a626c81eba326072d6ee2b127f8c139543f1bf609b4842978d37833/pydantic_core-2.41.4-pp310-pypy310_pp73-macosx_11_0_arm64.whl", hash = "sha256:3d88d0054d3fa11ce936184896bed3c1c5441d6fa483b498fac6a5d0dd6f64a9", size = 1932549, upload-time = "2025-10-14T10:23:09.24Z" },
    { url = "https://files.pythonhosted.org/packages/c4/af/625626278ca801ea0a658c2dcf290dc9f21bb383098e99e7c6a029fccfc0/pydantic_core-2.41.4-pp310-pypy310_pp73-manylinux_2_17_x86_64.manylinux2014_x86_64.whl", hash = "sha256:7b2a054a8725f05b4b6503357e0ac1c4e8234ad3b0c2ac130d6ffc66f0e170e2", size = 2135093, upload-time = "2025-10-14T10:23:11.626Z" },
    { url = "https://files.pythonhosted.org/packages/20/f6/2fba049f54e0f4975fef66be654c597a1d005320fa141863699180c7697d/pydantic_core-2.41.4-pp310-pypy310_pp73-manylinux_2_5_i686.manylinux1_i686.whl", hash = "sha256:b0d9db5a161c99375a0c68c058e227bee1d89303300802601d76a3d01f74e258", size = 2187971, upload-time = "2025-10-14T10:23:14.437Z" },
    { url = "https://files.pythonhosted.org/packages/0e/80/65ab839a2dfcd3b949202f9d920c34f9de5a537c3646662bdf2f7d999680/pydantic_core-2.41.4-pp310-pypy310_pp73-musllinux_1_1_aarch64.whl", hash = "sha256:6273ea2c8ffdac7b7fda2653c49682db815aebf4a89243a6feccf5e36c18c347", size = 2147939, upload-time = "2025-10-14T10:23:16.831Z" },
    { url = "https://files.pythonhosted.org/packages/44/58/627565d3d182ce6dfda18b8e1c841eede3629d59c9d7cbc1e12a03aeb328/pydantic_core-2.41.4-pp310-pypy310_pp73-musllinux_1_1_armv7l.whl", hash = "sha256:4c973add636efc61de22530b2ef83a65f39b6d6f656df97f678720e20de26caa", size = 2311400, upload-time = "2025-10-14T10:23:19.234Z" },
    { url = "https://files.pythonhosted.org/packages/24/06/8a84711162ad5a5f19a88cead37cca81b4b1f294f46260ef7334ae4f24d3/pydantic_core-2.41.4-pp310-pypy310_pp73-musllinux_1_1_x86_64.whl", hash = "sha256:b69d1973354758007f46cf2d44a4f3d0933f10b6dc9bf15cf1356e037f6f731a", size = 2316840, upload-time = "2025-10-14T10:23:21.738Z" },
    { url = "https://files.pythonhosted.org/packages/aa/8b/b7bb512a4682a2f7fbfae152a755d37351743900226d29bd953aaf870eaa/pydantic_core-2.41.4-pp310-pypy310_pp73-win_amd64.whl", hash = "sha256:3619320641fd212aaf5997b6ca505e97540b7e16418f4a241f44cdf108ffb50d", size = 2149135, upload-time = "2025-10-14T10:23:24.379Z" },
]

[[package]]
name = "python-dateutil"
version = "2.9.0.post0"
source = { registry = "https://pypi.org/simple" }
dependencies = [
    { name = "six" },
]
sdist = { url = "https://files.pythonhosted.org/packages/66/c0/0c8b6ad9f17a802ee498c46e004a0eb49bc148f2fd230864601a86dcf6db/python-dateutil-2.9.0.post0.tar.gz", hash = "sha256:37dd54208da7e1cd875388217d5e00ebd4179249f90fb72437e91a35459a0ad3", size = 342432, upload-time = "2024-03-01T18:36:20.211Z" }
wheels = [
    { url = "https://files.pythonhosted.org/packages/ec/57/56b9bcc3c9c6a792fcbaf139543cee77261f3651ca9da0c93f5c1221264b/python_dateutil-2.9.0.post0-py2.py3-none-any.whl", hash = "sha256:a8b2bc7bffae282281c8140a97d3aa9c14da0b136dfe83f850eea9a5f7470427", size = 229892, upload-time = "2024-03-01T18:36:18.57Z" },
]

[[package]]
name = "python-levenshtein"
version = "0.27.1"
source = { registry = "https://pypi.org/simple" }
dependencies = [
    { name = "levenshtein" },
]
sdist = { url = "https://files.pythonhosted.org/packages/13/f6/d865a565b7eeef4b5f9a18accafb03d5730c712420fc84a3a40555f7ea6b/python_levenshtein-0.27.1.tar.gz", hash = "sha256:3a5314a011016d373d309a68e875fd029caaa692ad3f32e78319299648045f11", size = 12326, upload-time = "2025-03-02T19:47:25.641Z" }
wheels = [
    { url = "https://files.pythonhosted.org/packages/2a/95/8c8fd923b0a702388da4f9e0368f490d123cc5224279e6a083984304a15e/python_levenshtein-0.27.1-py3-none-any.whl", hash = "sha256:e1a4bc2a70284b2ebc4c505646142fecd0f831e49aa04ed972995895aec57396", size = 9426, upload-time = "2025-03-02T19:47:24.801Z" },
]

[[package]]
name = "pyyaml"
version = "6.0.3"
source = { registry = "https://pypi.org/simple" }
sdist = { url = "https://files.pythonhosted.org/packages/05/8e/961c0007c59b8dd7729d542c61a4d537767a59645b82a0b521206e1e25c2/pyyaml-6.0.3.tar.gz", hash = "sha256:d76623373421df22fb4cf8817020cbb7ef15c725b9d5e45f17e189bfc384190f", size = 130960, upload-time = "2025-09-25T21:33:16.546Z" }
wheels = [
    { url = "https://files.pythonhosted.org/packages/f4/a0/39350dd17dd6d6c6507025c0e53aef67a9293a6d37d3511f23ea510d5800/pyyaml-6.0.3-cp310-cp310-macosx_10_13_x86_64.whl", hash = "sha256:214ed4befebe12df36bcc8bc2b64b396ca31be9304b8f59e25c11cf94a4c033b", size = 184227, upload-time = "2025-09-25T21:31:46.04Z" },
    { url = "https://files.pythonhosted.org/packages/05/14/52d505b5c59ce73244f59c7a50ecf47093ce4765f116cdb98286a71eeca2/pyyaml-6.0.3-cp310-cp310-macosx_11_0_arm64.whl", hash = "sha256:02ea2dfa234451bbb8772601d7b8e426c2bfa197136796224e50e35a78777956", size = 174019, upload-time = "2025-09-25T21:31:47.706Z" },
    { url = "https://files.pythonhosted.org/packages/43/f7/0e6a5ae5599c838c696adb4e6330a59f463265bfa1e116cfd1fbb0abaaae/pyyaml-6.0.3-cp310-cp310-manylinux2014_aarch64.manylinux_2_17_aarch64.manylinux_2_28_aarch64.whl", hash = "sha256:b30236e45cf30d2b8e7b3e85881719e98507abed1011bf463a8fa23e9c3e98a8", size = 740646, upload-time = "2025-09-25T21:31:49.21Z" },
    { url = "https://files.pythonhosted.org/packages/2f/3a/61b9db1d28f00f8fd0ae760459a5c4bf1b941baf714e207b6eb0657d2578/pyyaml-6.0.3-cp310-cp310-manylinux2014_s390x.manylinux_2_17_s390x.manylinux_2_28_s390x.whl", hash = "sha256:66291b10affd76d76f54fad28e22e51719ef9ba22b29e1d7d03d6777a9174198", size = 840793, upload-time = "2025-09-25T21:31:50.735Z" },
    { url = "https://files.pythonhosted.org/packages/7a/1e/7acc4f0e74c4b3d9531e24739e0ab832a5edf40e64fbae1a9c01941cabd7/pyyaml-6.0.3-cp310-cp310-manylinux2014_x86_64.manylinux_2_17_x86_64.manylinux_2_28_x86_64.whl", hash = "sha256:9c7708761fccb9397fe64bbc0395abcae8c4bf7b0eac081e12b809bf47700d0b", size = 770293, upload-time = "2025-09-25T21:31:51.828Z" },
    { url = "https://files.pythonhosted.org/packages/8b/ef/abd085f06853af0cd59fa5f913d61a8eab65d7639ff2a658d18a25d6a89d/pyyaml-6.0.3-cp310-cp310-musllinux_1_2_aarch64.whl", hash = "sha256:418cf3f2111bc80e0933b2cd8cd04f286338bb88bdc7bc8e6dd775ebde60b5e0", size = 732872, upload-time = "2025-09-25T21:31:53.282Z" },
    { url = "https://files.pythonhosted.org/packages/1f/15/2bc9c8faf6450a8b3c9fc5448ed869c599c0a74ba2669772b1f3a0040180/pyyaml-6.0.3-cp310-cp310-musllinux_1_2_x86_64.whl", hash = "sha256:5e0b74767e5f8c593e8c9b5912019159ed0533c70051e9cce3e8b6aa699fcd69", size = 758828, upload-time = "2025-09-25T21:31:54.807Z" },
    { url = "https://files.pythonhosted.org/packages/a3/00/531e92e88c00f4333ce359e50c19b8d1de9fe8d581b1534e35ccfbc5f393/pyyaml-6.0.3-cp310-cp310-win32.whl", hash = "sha256:28c8d926f98f432f88adc23edf2e6d4921ac26fb084b028c733d01868d19007e", size = 142415, upload-time = "2025-09-25T21:31:55.885Z" },
    { url = "https://files.pythonhosted.org/packages/2a/fa/926c003379b19fca39dd4634818b00dec6c62d87faf628d1394e137354d4/pyyaml-6.0.3-cp310-cp310-win_amd64.whl", hash = "sha256:bdb2c67c6c1390b63c6ff89f210c8fd09d9a1217a465701eac7316313c915e4c", size = 158561, upload-time = "2025-09-25T21:31:57.406Z" },
]

[[package]]
name = "rapidfuzz"
version = "3.14.1"
source = { registry = "https://pypi.org/simple" }
sdist = { url = "https://files.pythonhosted.org/packages/ed/fc/a98b616db9a42dcdda7c78c76bdfdf6fe290ac4c5ffbb186f73ec981ad5b/rapidfuzz-3.14.1.tar.gz", hash = "sha256:b02850e7f7152bd1edff27e9d584505b84968cacedee7a734ec4050c655a803c", size = 57869570, upload-time = "2025-09-08T21:08:15.922Z" }
wheels = [
    { url = "https://files.pythonhosted.org/packages/6a/b9/4e35178f405a1a95abd37cce4dc09d4a5bbc5e098687680b5ba796d3115b/rapidfuzz-3.14.1-cp310-cp310-macosx_10_9_x86_64.whl", hash = "sha256:489440e4b5eea0d150a31076eb183bed0ec84f934df206c72ae4fc3424501758", size = 1939645, upload-time = "2025-09-08T21:05:16.569Z" },
    { url = "https://files.pythonhosted.org/packages/51/af/fd7b8662a3b6952559af322dcf1c9d4eb5ec6be2697c30ae8ed3c44876ca/rapidfuzz-3.14.1-cp310-cp310-macosx_11_0_arm64.whl", hash = "sha256:eff22cc938c3f74d194df03790a6c3325d213b28cf65cdefd6fdeae759b745d5", size = 1393620, upload-time = "2025-09-08T21:05:18.598Z" },
    { url = "https://files.pythonhosted.org/packages/c5/5b/5715445e29c1c6ba364b3d27278da3fdffb18d9147982e977c6638dcecbf/rapidfuzz-3.14.1-cp310-cp310-manylinux_2_26_aarch64.manylinux_2_28_aarch64.whl", hash = "sha256:e0307f018b16feaa36074bcec2496f6f120af151a098910296e72e233232a62f", size = 1387721, upload-time = "2025-09-08T21:05:20.408Z" },
    { url = "https://files.pythonhosted.org/packages/19/49/83a14a6a90982b090257c4b2e96b9b9c423a89012b8504d5a14d92a4f8c2/rapidfuzz-3.14.1-cp310-cp310-manylinux_2_26_ppc64le.manylinux_2_28_ppc64le.whl", hash = "sha256:bc133652da143aca1ab72de235446432888b2b7f44ee332d006f8207967ecb8a", size = 1694545, upload-time = "2025-09-08T21:05:22.137Z" },
    { url = "https://files.pythonhosted.org/packages/99/f7/94618fcaaac8c04abf364f405c6811a02bc9edef209f276dc513a9a50f7c/rapidfuzz-3.14.1-cp310-cp310-manylinux_2_26_s390x.manylinux_2_28_s390x.whl", hash = "sha256:e9e71b3fe7e4a1590843389a90fe2a8684649fc74b9b7446e17ee504ddddb7de", size = 2237075, upload-time = "2025-09-08T21:05:23.637Z" },
    { url = "https://files.pythonhosted.org/packages/58/f6/a5ee2db25f36b0e5e06502fb77449b7718cd9f92ad36d598e669ba91db7b/rapidfuzz-3.14.1-cp310-cp310-manylinux_2_27_x86_64.manylinux_2_28_x86_64.whl", hash = "sha256:6c51519eb2f20b52eba6fc7d857ae94acc6c2a1f5d0f2d794b9d4977cdc29dd7", size = 3168778, upload-time = "2025-09-08T21:05:25.508Z" },
    { url = "https://files.pythonhosted.org/packages/0f/e8/c9620e358805c099e6755b7d2827b1e711b5e61914d6112ce2faa2c2af79/rapidfuzz-3.14.1-cp310-cp310-manylinux_2_31_armv7l.whl", hash = "sha256:fe87d94602624f8f25fff9a0a7b47f33756c4d9fc32b6d3308bb142aa483b8a4", size = 1223827, upload-time = "2025-09-08T21:05:27.299Z" },
    { url = "https://files.pythonhosted.org/packages/84/08/24916c3c3d55d6236474c9da0a595641d0013d3604de0625e8a8974371c3/rapidfuzz-3.14.1-cp310-cp310-musllinux_1_2_aarch64.whl", hash = "sha256:2d665380503a575dda52eb712ea521f789e8f8fd629c7a8e6c0f8ff480febc78", size = 2408366, upload-time = "2025-09-08T21:05:28.808Z" },
    { url = "https://files.pythonhosted.org/packages/40/d4/4152e8821b5c548443a6c46568fccef13de5818a5ab370d553ea3d5955b3/rapidfuzz-3.14.1-cp310-cp310-musllinux_1_2_armv7l.whl", hash = "sha256:c0f0dd022b8a7cbf3c891f6de96a80ab6a426f1069a085327816cea749e096c2", size = 2530148, upload-time = "2025-09-08T21:05:30.782Z" },
    { url = "https://files.pythonhosted.org/packages/bd/af/6587c6d590abe232c530ad43fbfbcaec899bff7204e237f1fd21e2e44b81/rapidfuzz-3.14.1-cp310-cp310-musllinux_1_2_ppc64le.whl", hash = "sha256:bf1ba22d36858b265c95cd774ba7fe8991e80a99cd86fe4f388605b01aee81a3", size = 2810628, upload-time = "2025-09-08T21:05:32.844Z" },
    { url = "https://files.pythonhosted.org/packages/d7/90/a99e6cfd90feb9d770654f1f39321099bbbf7f85d2832f2ef48d3f4ebc5f/rapidfuzz-3.14.1-cp310-cp310-musllinux_1_2_s390x.whl", hash = "sha256:ca1c1494ac9f9386d37f0e50cbaf4d07d184903aed7691549df1b37e9616edc9", size = 3314406, upload-time = "2025-09-08T21:05:34.585Z" },
    { url = "https://files.pythonhosted.org/packages/5f/b3/eba5a6c217200fd1d3615997930a9e5db6a74e3002b7867b54545f9b5cbb/rapidfuzz-3.14.1-cp310-cp310-musllinux_1_2_x86_64.whl", hash = "sha256:9e4b12e921b0fa90d7c2248742a536f21eae5562174090b83edd0b4ab8b557d7", size = 4280030, upload-time = "2025-09-08T21:05:36.646Z" },
    { url = "https://files.pythonhosted.org/packages/04/6f/d2e060a2094cfb7f3cd487c376e098abb22601e0eea178e51a59ce0a3158/rapidfuzz-3.14.1-cp310-cp310-win32.whl", hash = "sha256:5e1c1f2292baa4049535b07e9e81feb29e3650d2ba35ee491e64aca7ae4cb15e", size = 1727070, upload-time = "2025-09-08T21:05:38.57Z" },
    { url = "https://files.pythonhosted.org/packages/73/0a/ca231464ec689f2aabf9547a52cbc76a10affe960bddde8660699ba3de33/rapidfuzz-3.14.1-cp310-cp310-win_amd64.whl", hash = "sha256:59a8694beb9a13c4090ab3d1712cabbd896c6949706d1364e2a2e1713c413760", size = 1545335, upload-time = "2025-09-08T21:05:40.22Z" },
    { url = "https://files.pythonhosted.org/packages/59/c5/1e0b17f20fd3d701470548a6db8f36d589fb1a8a65d3828968547d987486/rapidfuzz-3.14.1-cp310-cp310-win_arm64.whl", hash = "sha256:e94cee93faa792572c574a615abe12912124b4ffcf55876b72312914ab663345", size = 816960, upload-time = "2025-09-08T21:05:42.225Z" },
    { url = "https://files.pythonhosted.org/packages/6d/10/0ed838b296fdac08ecbaa3a220fb4f1d887ff41b0be44fe8eade45bb650e/rapidfuzz-3.14.1-pp310-pypy310_pp73-macosx_10_15_x86_64.whl", hash = "sha256:673ce55a9be5b772dade911909e42382c0828b8a50ed7f9168763fa6b9f7054d", size = 1860246, upload-time = "2025-09-08T21:08:02.762Z" },
    { url = "https://files.pythonhosted.org/packages/a4/70/a08f4a86387dec97508ead51cc7a4b3130d4e62ac0eae938a6d8e1feff14/rapidfuzz-3.14.1-pp310-pypy310_pp73-macosx_11_0_arm64.whl", hash = "sha256:45c62ada1980ebf4c64c4253993cc8daa018c63163f91db63bb3af69cb74c2e3", size = 1336749, upload-time = "2025-09-08T21:08:04.783Z" },
    { url = "https://files.pythonhosted.org/packages/d4/39/c12f76f69184bcfb9977d6404b2c5dac7dd4d70ee6803e61556e539d0097/rapidfuzz-3.14.1-pp310-pypy310_pp73-win_amd64.whl", hash = "sha256:4d51efb29c0df0d4f7f64f672a7624c2146527f0745e3572098d753676538800", size = 1512629, upload-time = "2025-09-08T21:08:06.697Z" },
]

[[package]]
name = "result"
version = "0.17.0"
source = { registry = "https://pypi.org/simple" }
sdist = { url = "https://files.pythonhosted.org/packages/a3/47/2175be65744aa4d8419c27bd3a7a7d65af5bcad7a4dc6a812c00778754f0/result-0.17.0.tar.gz", hash = "sha256:b73da420c0cb1a3bf741dbd41ff96dedafaad6a1b3ef437a9e33e380bb0d91cf", size = 20180, upload-time = "2024-06-02T16:39:54.51Z" }
wheels = [
    { url = "https://files.pythonhosted.org/packages/e2/90/19110ce9374c3db619e2df0816f2c58e4ddc5cdad5f7284cd81d8b30b7cb/result-0.17.0-py3-none-any.whl", hash = "sha256:49fd668b4951ad15800b8ccefd98b6b94effc789607e19c65064b775570933e8", size = 11689, upload-time = "2024-06-02T16:39:52.715Z" },
]

[[package]]
name = "s3transfer"
version = "0.14.0"
source = { registry = "https://pypi.org/simple" }
dependencies = [
    { name = "botocore" },
]
sdist = { url = "https://files.pythonhosted.org/packages/62/74/8d69dcb7a9efe8baa2046891735e5dfe433ad558ae23d9e3c14c633d1d58/s3transfer-0.14.0.tar.gz", hash = "sha256:eff12264e7c8b4985074ccce27a3b38a485bb7f7422cc8046fee9be4983e4125", size = 151547, upload-time = "2025-09-09T19:23:31.089Z" }
wheels = [
    { url = "https://files.pythonhosted.org/packages/48/f0/ae7ca09223a81a1d890b2557186ea015f6e0502e9b8cb8e1813f1d8cfa4e/s3transfer-0.14.0-py3-none-any.whl", hash = "sha256:ea3b790c7077558ed1f02a3072fb3cb992bbbd253392f4b6e9e8976941c7d456", size = 85712, upload-time = "2025-09-09T19:23:30.041Z" },
]

[[package]]
name = "six"
version = "1.17.0"
source = { registry = "https://pypi.org/simple" }
sdist = { url = "https://files.pythonhosted.org/packages/94/e7/b2c673351809dca68a0e064b6af791aa332cf192da575fd474ed7d6f16a2/six-1.17.0.tar.gz", hash = "sha256:ff70335d468e7eb6ec65b95b99d3a2836546063f63acc5171de367e834932a81", size = 34031, upload-time = "2024-12-04T17:35:28.174Z" }
wheels = [
    { url = "https://files.pythonhosted.org/packages/b7/ce/149a00dd41f10bc29e5921b496af8b574d8413afcd5e30dfa0ed46c2cc5e/six-1.17.0-py2.py3-none-any.whl", hash = "sha256:4721f391ed90541fddacab5acf947aa0d3dc7d27b2e1e8eda2be8970586c3274", size = 11050, upload-time = "2024-12-04T17:35:26.475Z" },
]

[[package]]
name = "sqlalchemy"
version = "2.0.44"
source = { registry = "https://pypi.org/simple" }
dependencies = [
    { name = "greenlet", marker = "platform_machine == 'AMD64' or platform_machine == 'WIN32' or platform_machine == 'aarch64' or platform_machine == 'amd64' or platform_machine == 'ppc64le' or platform_machine == 'win32' or platform_machine == 'x86_64'" },
    { name = "typing-extensions" },
]
sdist = { url = "https://files.pythonhosted.org/packages/f0/f2/840d7b9496825333f532d2e3976b8eadbf52034178aac53630d09fe6e1ef/sqlalchemy-2.0.44.tar.gz", hash = "sha256:0ae7454e1ab1d780aee69fd2aae7d6b8670a581d8847f2d1e0f7ddfbf47e5a22", size = 9819830, upload-time = "2025-10-10T14:39:12.935Z" }
wheels = [
    { url = "https://files.pythonhosted.org/packages/a2/a7/e9ccfa7eecaf34c6f57d8cb0bb7cbdeeff27017cc0f5d0ca90fdde7a7c0d/sqlalchemy-2.0.44-cp310-cp310-macosx_10_9_x86_64.whl", hash = "sha256:7c77f3080674fc529b1bd99489378c7f63fcb4ba7f8322b79732e0258f0ea3ce", size = 2137282, upload-time = "2025-10-10T15:36:10.965Z" },
    { url = "https://files.pythonhosted.org/packages/b1/e1/50bc121885bdf10833a4f65ecbe9fe229a3215f4d65a58da8a181734cae3/sqlalchemy-2.0.44-cp310-cp310-macosx_11_0_arm64.whl", hash = "sha256:4c26ef74ba842d61635b0152763d057c8d48215d5be9bb8b7604116a059e9985", size = 2127322, upload-time = "2025-10-10T15:36:12.428Z" },
    { url = "https://files.pythonhosted.org/packages/46/f2/a8573b7230a3ce5ee4b961a2d510d71b43872513647398e595b744344664/sqlalchemy-2.0.44-cp310-cp310-manylinux_2_17_aarch64.manylinux2014_aarch64.whl", hash = "sha256:f4a172b31785e2f00780eccab00bc240ccdbfdb8345f1e6063175b3ff12ad1b0", size = 3214772, upload-time = "2025-10-10T15:34:15.09Z" },
    { url = "https://files.pythonhosted.org/packages/4a/d8/c63d8adb6a7edaf8dcb6f75a2b1e9f8577960a1e489606859c4d73e7d32b/sqlalchemy-2.0.44-cp310-cp310-manylinux_2_17_x86_64.manylinux2014_x86_64.whl", hash = "sha256:f9480c0740aabd8cb29c329b422fb65358049840b34aba0adf63162371d2a96e", size = 3214434, upload-time = "2025-10-10T15:47:00.473Z" },
    { url = "https://files.pythonhosted.org/packages/ee/a6/243d277a4b54fae74d4797957a7320a5c210c293487f931cbe036debb697/sqlalchemy-2.0.44-cp310-cp310-musllinux_1_2_aarch64.whl", hash = "sha256:17835885016b9e4d0135720160db3095dc78c583e7b902b6be799fb21035e749", size = 3155365, upload-time = "2025-10-10T15:34:17.932Z" },
    { url = "https://files.pythonhosted.org/packages/5f/f8/6a39516ddd75429fd4ee5a0d72e4c80639fab329b2467c75f363c2ed9751/sqlalchemy-2.0.44-cp310-cp310-musllinux_1_2_x86_64.whl", hash = "sha256:cbe4f85f50c656d753890f39468fcd8190c5f08282caf19219f684225bfd5fd2", size = 3178910, upload-time = "2025-10-10T15:47:02.346Z" },
    { url = "https://files.pythonhosted.org/packages/43/f0/118355d4ad3c39d9a2f5ee4c7304a9665b3571482777357fa9920cd7a6b4/sqlalchemy-2.0.44-cp310-cp310-win32.whl", hash = "sha256:2fcc4901a86ed81dc76703f3b93ff881e08761c63263c46991081fd7f034b165", size = 2105624, upload-time = "2025-10-10T15:38:15.552Z" },
    { url = "https://files.pythonhosted.org/packages/61/83/6ae5f9466f8aa5d0dcebfff8c9c33b98b27ce23292df3b990454b3d434fd/sqlalchemy-2.0.44-cp310-cp310-win_amd64.whl", hash = "sha256:9919e77403a483ab81e3423151e8ffc9dd992c20d2603bf17e4a8161111e55f5", size = 2129240, upload-time = "2025-10-10T15:38:17.175Z" },
    { url = "https://files.pythonhosted.org/packages/9c/5e/6a29fa884d9fb7ddadf6b69490a9d45fded3b38541713010dad16b77d015/sqlalchemy-2.0.44-py3-none-any.whl", hash = "sha256:19de7ca1246fbef9f9d1bff8f1ab25641569df226364a0e40457dc5457c54b05", size = 1928718, upload-time = "2025-10-10T15:29:45.32Z" },
]

[[package]]
name = "strenum"
version = "0.4.15"
source = { registry = "https://pypi.org/simple" }
sdist = { url = "https://files.pythonhosted.org/packages/85/ad/430fb60d90e1d112a62ff57bdd1f286ec73a2a0331272febfddd21f330e1/StrEnum-0.4.15.tar.gz", hash = "sha256:878fb5ab705442070e4dd1929bb5e2249511c0bcf2b0eeacf3bcd80875c82eff", size = 23384, upload-time = "2023-06-29T22:02:58.399Z" }
wheels = [
    { url = "https://files.pythonhosted.org/packages/81/69/297302c5f5f59c862faa31e6cb9a4cd74721cd1e052b38e464c5b402df8b/StrEnum-0.4.15-py3-none-any.whl", hash = "sha256:a30cda4af7cc6b5bf52c8055bc4bf4b2b6b14a93b574626da33df53cf7740659", size = 8851, upload-time = "2023-06-29T22:02:56.947Z" },
]

[[package]]
name = "typing-extensions"
version = "4.15.0"
source = { registry = "https://pypi.org/simple" }
sdist = { url = "https://files.pythonhosted.org/packages/72/94/1a15dd82efb362ac84269196e94cf00f187f7ed21c242792a923cdb1c61f/typing_extensions-4.15.0.tar.gz", hash = "sha256:0cea48d173cc12fa28ecabc3b837ea3cf6f38c6d1136f85cbaaf598984861466", size = 109391, upload-time = "2025-08-25T13:49:26.313Z" }
wheels = [
    { url = "https://files.pythonhosted.org/packages/18/67/36e9267722cc04a6b9f15c7f3441c2363321a3ea07da7ae0c0707beb2a9c/typing_extensions-4.15.0-py3-none-any.whl", hash = "sha256:f0fa19c6845758ab08074a0cfa8b7aecb71c999ca73d62883bc25cc018c4e548", size = 44614, upload-time = "2025-08-25T13:49:24.86Z" },
]

[[package]]
name = "typing-inspection"
version = "0.4.2"
source = { registry = "https://pypi.org/simple" }
dependencies = [
    { name = "typing-extensions" },
]
sdist = { url = "https://files.pythonhosted.org/packages/55/e3/70399cb7dd41c10ac53367ae42139cf4b1ca5f36bb3dc6c9d33acdb43655/typing_inspection-0.4.2.tar.gz", hash = "sha256:ba561c48a67c5958007083d386c3295464928b01faa735ab8547c5692e87f464", size = 75949, upload-time = "2025-10-01T02:14:41.687Z" }
wheels = [
    { url = "https://files.pythonhosted.org/packages/dc/9b/47798a6c91d8bdb567fe2698fe81e0c6b7cb7ef4d13da4114b41d239f65d/typing_inspection-0.4.2-py3-none-any.whl", hash = "sha256:4ed1cacbdc298c220f1bd249ed5287caa16f34d44ef4e9c3d0cbad5b521545e7", size = 14611, upload-time = "2025-10-01T02:14:40.154Z" },
]

[[package]]
name = "urllib3"
version = "2.5.0"
source = { registry = "https://pypi.org/simple" }
sdist = { url = "https://files.pythonhosted.org/packages/15/22/9ee70a2574a4f4599c47dd506532914ce044817c7752a79b6a51286319bc/urllib3-2.5.0.tar.gz", hash = "sha256:3fc47733c7e419d4bc3f6b3dc2b4f890bb743906a30d56ba4a5bfa4bbff92760", size = 393185, upload-time = "2025-06-18T14:07:41.644Z" }
wheels = [
    { url = "https://files.pythonhosted.org/packages/a7/c2/fe1e52489ae3122415c51f387e221dd0773709bad6c6cdaa599e8a2c5185/urllib3-2.5.0-py3-none-any.whl", hash = "sha256:e6b01673c0fa6a13e374b50871808eb3bf7046c4b125b216f6bf1cc604cff0dc", size = 129795, upload-time = "2025-06-18T14:07:40.39Z" },
]
